{
  "version": 4,
  "terraform_version": "1.14.3",
  "serial": 1,
  "lineage": "f21b2ef3-ed07-145d-8401-1bc49b74d810",
  "outputs": {},
  "resources": [
    {
      "mode": "managed",
      "type": "local_file",
      "name": "hello",
      "provider": "provider[\"registry.terraform.io/hashicorp/local\"]",
      "instances": [
        {
          "schema_version": 0,
          "attributes": {
            "content": "   Terraform fonctionne correctement sur cette machine.",
            "content_base64": null,
            "content_base64sha256": "gQMQ+ZBoJpL86wP6PlCG+Q36cNDwfugD8HBi6lhhhnw=",
            "content_base64sha512": "xCKq+aKdS2JiboBWcDLDYATjMHsFufge/gBvXJW3D1jILvxPpmNR/arszncVG/A2XHRwWxSK7qHy2D3Oz+gzAw==",
            "content_md5": "0516ac4df7da3edb1da682433f470d35",
            "content_sha1": "84a5bd0763ae9e2747cb0c4b94ab59d784510cfd",
            "content_sha256": "810310f990682692fceb03fa3e5086f90dfa70d0f07ee803f07062ea5861867c",
            "content_sha512": "c422aaf9a29d4b62626e80567032c36004e3307b05b9f81efe006f5c95b70f58c82efc4fa66351fdaaecce77151bf0365c74705b148aeea1f2d83dcecfe83303",
            "directory_permission": "0777",
            "file_permission": "0777",
            "filename": "hello_terraform.txt",
            "id": "84a5bd0763ae9e2747cb0c4b94ab59d784510cfd",
            "sensitive_content": null,
            "source": null
          },
          "sensitive_attributes": [
            [
              {
                "type": "get_attr",
                "value": "sensitive_content"
              }
            ]
          ],
          "identity_schema_version": 0
        }
      ]
    }
  ],
  "check_results": null
}
