{
  "version": 4,
  "terraform_version": "1.14.3",
  "serial": 4,
  "lineage": "f21b2ef3-ed07-145d-8401-1bc49b74d810",
  "outputs": {
    "file_content": {
      "value": "   Terraform fonctionne avec des variables !",
      "type": "string"
    },
    "file_path": {
      "value": "hello_terraform.txt",
      "type": "string"
    }
  },
  "resources": [
    {
      "mode": "managed",
      "type": "local_file",
      "name": "hello",
      "provider": "provider[\"registry.terraform.io/hashicorp/local\"]",
      "instances": [
        {
          "schema_version": 0,
          "attributes": {
            "content": "   Terraform fonctionne avec des variables !",
            "content_base64": null,
            "content_base64sha256": "1JSQcr9CDCi0TcwVcOOSGsef6SMSxmo8K/q0dNoMiUI=",
            "content_base64sha512": "L4GjcRBWUmjjP8J/aP9XbnjaoRB5MC9B8/bc3+UFDiivVgpluLJdb+OiQDspnxrWDpppM3TQSdMNwTryuQepTA==",
            "content_md5": "ca2bab74c551d2e7e256feea486dff71",
            "content_sha1": "2a400b386607ce4454b56f78e8afef03687674d5",
            "content_sha256": "d4949072bf420c28b44dcc1570e3921ac79fe92312c66a3c2bfab474da0c8942",
            "content_sha512": "2f81a37110565268e33fc27f68ff576e78daa11079302f41f3f6dcdfe5050e28af560a65b8b25d6fe3a2403b299f1ad60e9a693374d049d30dc13af2b907a94c",
            "directory_permission": "0777",
            "file_permission": "0777",
            "filename": "hello_terraform.txt",
            "id": "2a400b386607ce4454b56f78e8afef03687674d5",
            "sensitive_content": null,
            "source": null
          },
          "sensitive_attributes": [
            [
              {
                "type": "get_attr",
                "value": "sensitive_content"
              }
            ]
          ],
          "identity_schema_version": 0
        }
      ]
    }
  ],
  "check_results": null
}
